
Microsoft Visual Studio Solution File, Format Version 12.00
# Visual Studio Version 17
VisualStudioVersion = 17.4.33213.308
MinimumVisualStudioVersion = 10.0.40219.1
Project("{8BC9CEB8-8B4A-11D0-8D11-00A0C91BC942}") = "Project1", "Project1.vcxproj", "{7FB7004A-4456-40DD-8246-67A72BA46614}"
EndProject
Global
	GlobalSection(SolutionConfigurationPlatforms) = preSolution
		Debug|x64 = Debug|x64
		Debug|x86 = Debug|x86
		Release|x64 = Release|x64
		Release|x86 = Release|x86
	EndGlobalSection
	GlobalSection(ProjectConfigurationPlatforms) = postSolution
		{7FB7004A-4456-40DD-8246-67A72BA46614}.Debug|x64.ActiveCfg = Debug|x64
		{7FB7004A-4456-40DD-8246-67A72BA46614}.Debug|x64.Build.0 = Debug|x64
		{7FB7004A-4456-40DD-8246-67A72BA46614}.Debug|x86.ActiveCfg = Debug|Win32
		{7FB7004A-4456-40DD-8246-67A72BA46614}.Debug|x86.Build.0 = Debug|Win32
		{7FB7004A-4456-40DD-8246-67A72BA46614}.Release|x64.ActiveCfg = Release|x64
		{7FB7004A-4456-40DD-8246-67A72BA46614}.Release|x64.Build.0 = Release|x64
		{7FB7004A-4456-40DD-8246-67A72BA46614}.Release|x86.ActiveCfg = Release|Win32
		{7FB7004A-4456-40DD-8246-67A72BA46614}.Release|x86.Build.0 = Release|Win32
	EndGlobalSection
	GlobalSection(SolutionProperties) = preSolution
		HideSolutionNode = FALSE
	EndGlobalSection
	GlobalSection(ExtensibilityGlobals) = postSolution
		SolutionGuid = {DF49EA9B-833D-46CB-B66A-BB09E5FC47EE}
	EndGlobalSection
EndGlobal
